
Microsoft Visual Studio Solution File, Format Version 12.00
# Visual Studio Version 17
VisualStudioVersion = 17.13.35825.156
MinimumVisualStudioVersion = 10.0.40219.1
Project("{FAE04EC0-301F-11D3-BF4B-00C04F79EFBC}") = "Desktop", "Desktop\Desktop.csproj", "{A2328D39-961F-444E-A7DE-E1C82776AF51}"
EndProject
Project("{FAE04EC0-301F-11D3-BF4B-00C04F79EFBC}") = "Entities", "Entities\Entities.csproj", "{08172D14-407E-406D-AB98-5A4CDA4A346F}"
EndProject
Global
	GlobalSection(SolutionConfigurationPlatforms) = preSolution
		Debug|Any CPU = Debug|Any CPU
		Release|Any CPU = Release|Any CPU
	EndGlobalSection
	GlobalSection(ProjectConfigurationPlatforms) = postSolution
		{A2328D39-961F-444E-A7DE-E1C82776AF51}.Debug|Any CPU.ActiveCfg = Debug|Any CPU
		{A2328D39-961F-444E-A7DE-E1C82776AF51}.Debug|Any CPU.Build.0 = Debug|Any CPU
		{A2328D39-961F-444E-A7DE-E1C82776AF51}.Release|Any CPU.ActiveCfg = Release|Any CPU
		{A2328D39-961F-444E-A7DE-E1C82776AF51}.Release|Any CPU.Build.0 = Release|Any CPU
		{08172D14-407E-406D-AB98-5A4CDA4A346F}.Debug|Any CPU.ActiveCfg = Debug|Any CPU
		{08172D14-407E-406D-AB98-5A4CDA4A346F}.Debug|Any CPU.Build.0 = Debug|Any CPU
		{08172D14-407E-406D-AB98-5A4CDA4A346F}.Release|Any CPU.ActiveCfg = Release|Any CPU
		{08172D14-407E-406D-AB98-5A4CDA4A346F}.Release|Any CPU.Build.0 = Release|Any CPU
	EndGlobalSection
	GlobalSection(SolutionProperties) = preSolution
		HideSolutionNode = FALSE
	EndGlobalSection
	GlobalSection(ExtensibilityGlobals) = postSolution
		SolutionGuid = {373A3ACF-3238-4BC2-9416-9906D8FCE170}
	EndGlobalSection
EndGlobal
